
Microsoft Visual Studio Solution File, Format Version 12.00
# Visual Studio Version 17
VisualStudioVersion = 17.0.31903.59
MinimumVisualStudioVersion = 10.0.40219.1
Project("{FAE04EC0-301F-11D3-BF4B-00C04F79EFBC}") = "WafiArche.Domain", "WafiArche.Domain\WafiArche.Domain.csproj", "{24E236DC-0D5B-4623-9206-DBA73461BB36}"
EndProject
Project("{FAE04EC0-301F-11D3-BF4B-00C04F79EFBC}") = "WafiArche.Application", "WafiArche.Application\WafiArche.Application.csproj", "{4A1C41E3-3445-4B26-B99B-0D0167E44075}"
EndProject
Project("{FAE04EC0-301F-11D3-BF4B-00C04F79EFBC}") = "WafiArche.EntityFrameworkCore", "WafiArche.EntityFrameworkCore\WafiArche.EntityFrameworkCore.csproj", "{EE53ECA6-0B96-436B-969F-318C287AC182}"
EndProject
Project("{FAE04EC0-301F-11D3-BF4B-00C04F79EFBC}") = "WafiArche.Api", "WafiArche.Api\WafiArche.Api.csproj", "{F5D13320-03D5-4598-9057-500FD9933584}"
EndProject
Global
	GlobalSection(SolutionConfigurationPlatforms) = preSolution
		Debug|Any CPU = Debug|Any CPU
		Release|Any CPU = Release|Any CPU
	EndGlobalSection
	GlobalSection(SolutionProperties) = preSolution
		HideSolutionNode = FALSE
	EndGlobalSection
	GlobalSection(ProjectConfigurationPlatforms) = postSolution
		{24E236DC-0D5B-4623-9206-DBA73461BB36}.Debug|Any CPU.ActiveCfg = Debug|Any CPU
		{24E236DC-0D5B-4623-9206-DBA73461BB36}.Debug|Any CPU.Build.0 = Debug|Any CPU
		{24E236DC-0D5B-4623-9206-DBA73461BB36}.Release|Any CPU.ActiveCfg = Release|Any CPU
		{24E236DC-0D5B-4623-9206-DBA73461BB36}.Release|Any CPU.Build.0 = Release|Any CPU
		{4A1C41E3-3445-4B26-B99B-0D0167E44075}.Debug|Any CPU.ActiveCfg = Debug|Any CPU
		{4A1C41E3-3445-4B26-B99B-0D0167E44075}.Debug|Any CPU.Build.0 = Debug|Any CPU
		{4A1C41E3-3445-4B26-B99B-0D0167E44075}.Release|Any CPU.ActiveCfg = Release|Any CPU
		{4A1C41E3-3445-4B26-B99B-0D0167E44075}.Release|Any CPU.Build.0 = Release|Any CPU
		{EE53ECA6-0B96-436B-969F-318C287AC182}.Debug|Any CPU.ActiveCfg = Debug|Any CPU
		{EE53ECA6-0B96-436B-969F-318C287AC182}.Debug|Any CPU.Build.0 = Debug|Any CPU
		{EE53ECA6-0B96-436B-969F-318C287AC182}.Release|Any CPU.ActiveCfg = Release|Any CPU
		{EE53ECA6-0B96-436B-969F-318C287AC182}.Release|Any CPU.Build.0 = Release|Any CPU
		{F5D13320-03D5-4598-9057-500FD9933584}.Debug|Any CPU.ActiveCfg = Debug|Any CPU
		{F5D13320-03D5-4598-9057-500FD9933584}.Debug|Any CPU.Build.0 = Debug|Any CPU
		{F5D13320-03D5-4598-9057-500FD9933584}.Release|Any CPU.ActiveCfg = Release|Any CPU
		{F5D13320-03D5-4598-9057-500FD9933584}.Release|Any CPU.Build.0 = Release|Any CPU
	EndGlobalSection
EndGlobal
